// !$*UTF8*$!
{
	archiveVersion = 1;
	classes = {
	};
	objectVersion = 46;
	objects = {

/* Begin PBXBuildFile section */
		DFF4DD751E84816800D9C91E /* main.m in Sources */ = {isa = PBXBuildFile; fileRef = DFF4DD741E84816800D9C91E /* main.m */; };
		DFF4DD781E84816800D9C91E /* AppDelegate.m in Sources */ = {isa = PBXBuildFile; fileRef = DFF4DD771E84816800D9C91E /* AppDelegate.m */; };
		DFF4DD801E84816800D9C91E /* Assets.xcassets in Resources */ = {isa = PBXBuildFile; fileRef = DFF4DD7F1E84816800D9C91E /* Assets.xcassets */; };
		DFF4DD831E84816800D9C91E /* LaunchScreen.storyboard in Resources */ = {isa = PBXBuildFile; fileRef = DFF4DD811E84816800D9C91E /* LaunchScreen.storyboard */; };
		DFF4DD8C1E8483DF00D9C91E /* AGTFontsTableViewController.m in Sources */ = {isa = PBXBuildFile; fileRef = DFF4DD8B1E8483DF00D9C91E /* AGTFontsTableViewController.m */; };
		DFF4DD901E8988CF00D9C91E /* AGTFontViewController.m in Sources */ = {isa = PBXBuildFile; fileRef = DFF4DD8E1E8988CF00D9C91E /* AGTFontViewController.m */; };
		DFF4DD911E8988CF00D9C91E /* AGTFontViewController.xib in Resources */ = {isa = PBXBuildFile; fileRef = DFF4DD8F1E8988CF00D9C91E /* AGTFontViewController.xib */; };
/* End PBXBuildFile section */

/* Begin PBXFileReference section */
		DFF4DD701E84816800D9C91E /* Fuentes.app */ = {isa = PBXFileReference; explicitFileType = wrapper.application; includeInIndex = 0; path = Fuentes.app; sourceTree = BUILT_PRODUCTS_DIR; };
		DFF4DD741E84816800D9C91E /* main.m */ = {isa = PBXFileReference; lastKnownFileType = sourcecode.c.objc; path = main.m; sourceTree = "<group>"; };
		DFF4DD761E84816800D9C91E /* AGTAppDelegate.h */ = {isa = PBXFileReference; lastKnownFileType = sourcecode.c.h; path = AGTAppDelegate.h; sourceTree = "<group>"; };
		DFF4DD771E84816800D9C91E /* AppDelegate.m */ = {isa = PBXFileReference; lastKnownFileType = sourcecode.c.objc; path = AppDelegate.m; sourceTree = "<group>"; };
		DFF4DD7F1E84816800D9C91E /* Assets.xcassets */ = {isa = PBXFileReference; lastKnownFileType = folder.assetcatalog; path = Assets.xcassets; sourceTree = "<group>"; };
		DFF4DD821E84816800D9C91E /* Base */ = {isa = PBXFileReference; lastKnownFileType = file.storyboard; name = Base; path = Base.lproj/LaunchScreen.storyboard; sourceTree = "<group>"; };
		DFF4DD841E84816800D9C91E /* Info.plist */ = {isa = PBXFileReference; lastKnownFileType = text.plist.xml; path = Info.plist; sourceTree = "<group>"; };
		DFF4DD8A1E8483DF00D9C91E /* AGTFontsTableViewController.h */ = {isa = PBXFileReference; fileEncoding = 4; lastKnownFileType = sourcecode.c.h; path = AGTFontsTableViewController.h; sourceTree = "<group>"; };
		DFF4DD8B1E8483DF00D9C91E /* AGTFontsTableViewController.m */ = {isa = PBXFileReference; fileEncoding = 4; lastKnownFileType = sourcecode.c.objc; path = AGTFontsTableViewController.m; sourceTree = "<group>"; };
		DFF4DD8D1E8988CF00D9C91E /* AGTFontViewController.h */ = {isa = PBXFileReference; fileEncoding = 4; lastKnownFileType = sourcecode.c.h; path = AGTFontViewController.h; sourceTree = "<group>"; };
		DFF4DD8E1E8988CF00D9C91E /* AGTFontViewController.m */ = {isa = PBXFileReference; fileEncoding = 4; lastKnownFileType = sourcecode.c.objc; path = AGTFontViewController.m; sourceTree = "<group>"; };
		DFF4DD8F1E8988CF00D9C91E /* AGTFontViewController.xib */ = {isa = PBXFileReference; fileEncoding = 4; lastKnownFileType = file.xib; path = AGTFontViewController.xib; sourceTree = "<group>"; };
/* End PBXFileReference section */

/* Begin PBXFrameworksBuildPhase section */
		DFF4DD6D1E84816800D9C91E /* Frameworks */ = {
			isa = PBXFrameworksBuildPhase;
			buildActionMask = 2147483647;
			files = (
			);
			runOnlyForDeploymentPostprocessing = 0;
		};
/* End PBXFrameworksBuildPhase section */

/* Begin PBXGroup section */
		DFF4DD671E84816800D9C91E = {
			isa = PBXGroup;
			children = (
				DFF4DD721E84816800D9C91E /* Fuentes */,
				DFF4DD711E84816800D9C91E /* Products */,
			);
			sourceTree = "<group>";
		};
		DFF4DD711E84816800D9C91E /* Products */ = {
			isa = PBXGroup;
			children = (
				DFF4DD701E84816800D9C91E /* Fuentes.app */,
			);
			name = Products;
			sourceTree = "<group>";
		};
		DFF4DD721E84816800D9C91E /* Fuentes */ = {
			isa = PBXGroup;
			children = (
				DFF4DD761E84816800D9C91E /* AGTAppDelegate.h */,
				DFF4DD771E84816800D9C91E /* AppDelegate.m */,
				DFF4DD7F1E84816800D9C91E /* Assets.xcassets */,
				DFF4DD811E84816800D9C91E /* LaunchScreen.storyboard */,
				DFF4DD841E84816800D9C91E /* Info.plist */,
				DFF4DD731E84816800D9C91E /* Supporting Files */,
				DFF4DD8A1E8483DF00D9C91E /* AGTFontsTableViewController.h */,
				DFF4DD8B1E8483DF00D9C91E /* AGTFontsTableViewController.m */,
				DFF4DD8D1E8988CF00D9C91E /* AGTFontViewController.h */,
				DFF4DD8E1E8988CF00D9C91E /* AGTFontViewController.m */,
				DFF4DD8F1E8988CF00D9C91E /* AGTFontViewController.xib */,
			);
			path = Fuentes;
			sourceTree = "<group>";
		};
		DFF4DD731E84816800D9C91E /* Supporting Files */ = {
			isa = PBXGroup;
			children = (
				DFF4DD741E84816800D9C91E /* main.m */,
			);
			name = "Supporting Files";
			sourceTree = "<group>";
		};
/* End PBXGroup section */

/* Begin PBXNativeTarget section */
		DFF4DD6F1E84816800D9C91E /* Fuentes */ = {
			isa = PBXNativeTarget;
			buildConfigurationList = DFF4DD871E84816800D9C91E /* Build configuration list for PBXNativeTarget "Fuentes" */;
			buildPhases = (
				DFF4DD6C1E84816800D9C91E /* Sources */,
				DFF4DD6D1E84816800D9C91E /* Frameworks */,
				DFF4DD6E1E84816800D9C91E /* Resources */,
			);
			buildRules = (
			);
			dependencies = (
			);
			name = Fuentes;
			productName = Fuentes;
			productReference = DFF4DD701E84816800D9C91E /* Fuentes.app */;
			productType = "com.apple.product-type.application";
		};
/* End PBXNativeTarget section */

/* Begin PBXProject section */
		DFF4DD681E84816800D9C91E /* Project object */ = {
			isa = PBXProject;
			attributes = {
				LastUpgradeCheck = 0800;
				ORGANIZATIONNAME = RHalgravez;
				TargetAttributes = {
					DFF4DD6F1E84816800D9C91E = {
						CreatedOnToolsVersion = 8.0;
						ProvisioningStyle = Automatic;
					};
				};
			};
			buildConfigurationList = DFF4DD6B1E84816800D9C91E /* Build configuration list for PBXProject "Fuentes" */;
			compatibilityVersion = "Xcode 3.2";
			developmentRegion = English;
			hasScannedForEncodings = 0;
			knownRegions = (
				en,
				Base,
			);
			mainGroup = DFF4DD671E84816800D9C91E;
			productRefGroup = DFF4DD711E84816800D9C91E /* Products */;
			projectDirPath = "";
			projectRoot = "";
			targets = (
				DFF4DD6F1E84816800D9C91E /* Fuentes */,
			);
		};
/* End PBXProject section */

/* Begin PBXResourcesBuildPhase section */
		DFF4DD6E1E84816800D9C91E /* Resources */ = {
			isa = PBXResourcesBuildPhase;
			buildActionMask = 2147483647;
			files = (
				DFF4DD911E8988CF00D9C91E /* AGTFontViewController.xib in Resources */,
				DFF4DD831E84816800D9C91E /* LaunchScreen.storyboard in Resources */,
				DFF4DD801E84816800D9C91E /* Assets.xcassets in Resources */,
			);
			runOnlyForDeploymentPostprocessing = 0;
		};
/* End PBXResourcesBuildPhase section */

/* Begin PBXSourcesBuildPhase section */
		DFF4DD6C1E84816800D9C91E /* Sources */ = {
			isa = PBXSourcesBuildPhase;
			buildActionMask = 2147483647;
			files = (
				DFF4DD901E8988CF00D9C91E /* AGTFontViewController.m in Sources */,
				DFF4DD8C1E8483DF00D9C91E /* AGTFontsTableViewController.m in Sources */,
				DFF4DD781E84816800D9C91E /* AppDelegate.m in Sources */,
				DFF4DD751E84816800D9C91E /* main.m in Sources */,
			);
			runOnlyForDeploymentPostprocessing = 0;
		};
/* End PBXSourcesBuildPhase section */

/* Begin PBXVariantGroup section */
		DFF4DD811E84816800D9C91E /* LaunchScreen.storyboard */ = {
			isa = PBXVariantGroup;
			children = (
				DFF4DD821E84816800D9C91E /* Base */,
			);
			name = LaunchScreen.storyboard;
			sourceTree = "<group>";
		};
/* End PBXVariantGroup section */

/* Begin XCBuildConfiguration section */
		DFF4DD851E84816800D9C91E /* Debug */ = {
			isa = XCBuildConfiguration;
			buildSettings = {
				ALWAYS_SEARCH_USER_PATHS = NO;
				CLANG_ANALYZER_NONNULL = YES;
				CLANG_CXX_LANGUAGE_STANDARD = "gnu++0x";
				CLANG_CXX_LIBRARY = "libc++";
				CLANG_ENABLE_MODULES = YES;
				CLANG_ENABLE_OBJC_ARC = YES;
				CLANG_WARN_BOOL_CONVERSION = YES;
				CLANG_WARN_CONSTANT_CONVERSION = YES;
				CLANG_WARN_DIRECT_OBJC_ISA_USAGE = YES_ERROR;
				CLANG_WARN_DOCUMENTATION_COMMENTS = YES;
				CLANG_WARN_EMPTY_BODY = YES;
				CLANG_WARN_ENUM_CONVERSION = YES;
				CLANG_WARN_INFINITE_RECURSION = YES;
				CLANG_WARN_INT_CONVERSION = YES;
				CLANG_WARN_OBJC_ROOT_CLASS = YES_ERROR;
				CLANG_WARN_SUSPICIOUS_MOVES = YES;
				CLANG_WARN_UNREACHABLE_CODE = YES;
				CLANG_WARN__DUPLICATE_METHOD_MATCH = YES;
				"CODE_SIGN_IDENTITY[sdk=iphoneos*]" = "iPhone Developer";
				COPY_PHASE_STRIP = NO;
				DEBUG_INFORMATION_FORMAT = dwarf;
				ENABLE_STRICT_OBJC_MSGSEND = YES;
				ENABLE_TESTABILITY = YES;
				GCC_C_LANGUAGE_STANDARD = gnu99;
				GCC_DYNAMIC_NO_PIC = NO;
				GCC_NO_COMMON_BLOCKS = YES;
				GCC_OPTIMIZATION_LEVEL = 0;
				GCC_PREPROCESSOR_DEFINITIONS = (
					"DEBUG=1",
					"$(inherited)",
				);
				GCC_WARN_64_TO_32_BIT_CONVERSION = YES;
				GCC_WARN_ABOUT_RETURN_TYPE = YES_ERROR;
				GCC_WARN_UNDECLARED_SELECTOR = YES;
				GCC_WARN_UNINITIALIZED_AUTOS = YES_AGGRESSIVE;
				GCC_WARN_UNUSED_FUNCTION = YES;
				GCC_WARN_UNUSED_VARIABLE = YES;
				IPHONEOS_DEPLOYMENT_TARGET = 10.0;
				MTL_ENABLE_DEBUG_INFO = YES;
				ONLY_ACTIVE_ARCH = YES;
				SDKROOT = iphoneos;
			};
			name = Debug;
		};
		DFF4DD861E84816800D9C91E /* Release */ = {
			isa = XCBuildConfiguration;
			buildSettings = {
				ALWAYS_SEARCH_USER_PATHS = NO;
				CLANG_ANALYZER_NONNULL = YES;
				CLANG_CXX_LANGUAGE_STANDARD = "gnu++0x";
				CLANG_CXX_LIBRARY = "libc++";
				CLANG_ENABLE_MODULES = YES;
				CLANG_ENABLE_OBJC_ARC = YES;
				CLANG_WARN_BOOL_CONVERSION = YES;
				CLANG_WARN_CONSTANT_CONVERSION = YES;
				CLANG_WARN_DIRECT_OBJC_ISA_USAGE = YES_ERROR;
				CLANG_WARN_DOCUMENTATION_COMMENTS = YES;
				CLANG_WARN_EMPTY_BODY = YES;
				CLANG_WARN_ENUM_CONVERSION = YES;
				CLANG_WARN_INFINITE_RECURSION = YES;
				CLANG_WARN_INT_CONVERSION = YES;
				CLANG_WARN_OBJC_ROOT_CLASS = YES_ERROR;
				CLANG_WARN_SUSPICIOUS_MOVES = YES;
				CLANG_WARN_UNREACHABLE_CODE = YES;
				CLANG_WARN__DUPLICATE_METHOD_MATCH = YES;
				"CODE_SIGN_IDENTITY[sdk=iphoneos*]" = "iPhone Developer";
				COPY_PHASE_STRIP = NO;
				DEBUG_INFORMATION_FORMAT = "dwarf-with-dsym";
				ENABLE_NS_ASSERTIONS = NO;
				ENABLE_STRICT_OBJC_MSGSEND = YES;
				GCC_C_LANGUAGE_STANDARD = gnu99;
				GCC_NO_COMMON_BLOCKS = YES;
				GCC_WARN_64_TO_32_BIT_CONVERSION = YES;
				GCC_WARN_ABOUT_RETURN_TYPE = YES_ERROR;
				GCC_WARN_UNDECLARED_SELECTOR = YES;
				GCC_WARN_UNINITIALIZED_AUTOS = YES_AGGRESSIVE;
				GCC_WARN_UNUSED_FUNCTION = YES;
				GCC_WARN_UNUSED_VARIABLE = YES;
				IPHONEOS_DEPLOYMENT_TARGET = 10.0;
				MTL_ENABLE_DEBUG_INFO = NO;
				SDKROOT = iphoneos;
				VALIDATE_PRODUCT = YES;
			};
			name = Release;
		};
		DFF4DD881E84816800D9C91E /* Debug */ = {
			isa = XCBuildConfiguration;
			buildSettings = {
				ASSETCATALOG_COMPILER_APPICON_NAME = AppIcon;
				INFOPLIST_FILE = Fuentes/Info.plist;
				LD_RUNPATH_SEARCH_PATHS = "$(inherited) @executable_path/Frameworks";
				PRODUCT_BUNDLE_IDENTIFIER = com.rhalgravez.Fuentes;
				PRODUCT_NAME = "$(TARGET_NAME)";
			};
			name = Debug;
		};
		DFF4DD891E84816800D9C91E /* Release */ = {
			isa = XCBuildConfiguration;
			buildSettings = {
				ASSETCATALOG_COMPILER_APPICON_NAME = AppIcon;
				INFOPLIST_FILE = Fuentes/Info.plist;
				LD_RUNPATH_SEARCH_PATHS = "$(inherited) @executable_path/Frameworks";
				PRODUCT_BUNDLE_IDENTIFIER = com.rhalgravez.Fuentes;
				PRODUCT_NAME = "$(TARGET_NAME)";
			};
			name = Release;
		};
/* End XCBuildConfiguration section */

/* Begin XCConfigurationList section */
		DFF4DD6B1E84816800D9C91E /* Build configuration list for PBXProject "Fuentes" */ = {
			isa = XCConfigurationList;
			buildConfigurations = (
				DFF4DD851E84816800D9C91E /* Debug */,
				DFF4DD861E84816800D9C91E /* Release */,
			);
			defaultConfigurationIsVisible = 0;
			defaultConfigurationName = Release;
		};
		DFF4DD871E84816800D9C91E /* Build configuration list for PBXNativeTarget "Fuentes" */ = {
			isa = XCConfigurationList;
			buildConfigurations = (
				DFF4DD881E84816800D9C91E /* Debug */,
				DFF4DD891E84816800D9C91E /* Release */,
			);
			defaultConfigurationIsVisible = 0;
		};
/* End XCConfigurationList section */
	};
	rootObject = DFF4DD681E84816800D9C91E /* Project object */;
}
